
Microsoft Visual Studio Solution File, Format Version 12.00
# Visual Studio Version 17
VisualStudioVersion = 17.2.32616.157
MinimumVisualStudioVersion = 10.0.40219.1
Project("{FAE04EC0-301F-11D3-BF4B-00C04F79EFBC}") = "SNIPERBot", "SNIPERBot\SNIPERBot.csproj", "{1242022E-3355-479B-9279-7363716704FE}"
EndProject
Global
	GlobalSection(SolutionConfigurationPlatforms) = preSolution
		Debug|Any CPU = Debug|Any CPU
		Release|Any CPU = Release|Any CPU
	EndGlobalSection
	GlobalSection(ProjectConfigurationPlatforms) = postSolution
		{1242022E-3355-479B-9279-7363716704FE}.Debug|Any CPU.ActiveCfg = Debug|Any CPU
		{1242022E-3355-479B-9279-7363716704FE}.Debug|Any CPU.Build.0 = Debug|Any CPU
		{1242022E-3355-479B-9279-7363716704FE}.Release|Any CPU.ActiveCfg = Release|Any CPU
		{1242022E-3355-479B-9279-7363716704FE}.Release|Any CPU.Build.0 = Release|Any CPU
	EndGlobalSection
	GlobalSection(SolutionProperties) = preSolution
		HideSolutionNode = FALSE
	EndGlobalSection
	GlobalSection(ExtensibilityGlobals) = postSolution
		SolutionGuid = {9A0DD1E3-96AD-4B75-8050-FE2A57E8A7DD}
	EndGlobalSection
EndGlobal
